
Microsoft Visual Studio Solution File, Format Version 12.00
# Visual Studio 15
VisualStudioVersion = 15.0.27130.2027
MinimumVisualStudioVersion = 10.0.40219.1
Project("{FAE04EC0-301F-11D3-BF4B-00C04F79EFBC}") = "PhanGiaiTenMienVaDiaChiIP", "PhanGiaiTenMienVaDiaChiIP\PhanGiaiTenMienVaDiaChiIP.csproj", "{07953453-A4D0-4EEE-96AE-CC9E43C2A358}"
EndProject
Global
	GlobalSection(SolutionConfigurationPlatforms) = preSolution
		Debug|Any CPU = Debug|Any CPU
		Release|Any CPU = Release|Any CPU
	EndGlobalSection
	GlobalSection(ProjectConfigurationPlatforms) = postSolution
		{07953453-A4D0-4EEE-96AE-CC9E43C2A358}.Debug|Any CPU.ActiveCfg = Debug|Any CPU
		{07953453-A4D0-4EEE-96AE-CC9E43C2A358}.Debug|Any CPU.Build.0 = Debug|Any CPU
		{07953453-A4D0-4EEE-96AE-CC9E43C2A358}.Release|Any CPU.ActiveCfg = Release|Any CPU
		{07953453-A4D0-4EEE-96AE-CC9E43C2A358}.Release|Any CPU.Build.0 = Release|Any CPU
	EndGlobalSection
	GlobalSection(SolutionProperties) = preSolution
		HideSolutionNode = FALSE
	EndGlobalSection
	GlobalSection(ExtensibilityGlobals) = postSolution
		SolutionGuid = {6368B5AE-3687-43D9-AD0C-6144E0CA1A43}
	EndGlobalSection
EndGlobal
